// !$*UTF8*$!
{
	archiveVersion = 1;
	classes = {
	};
	objectVersion = 50;
	objects = {

/* Begin PBXBuildFile section */
		780D8F3A24743445009763F3 /* Font.swift in Sources */ = {isa = PBXBuildFile; fileRef = 780D8F3924743445009763F3 /* Font.swift */; };
		780D8F4924745F96009763F3 /* ImagePicker.swift in Sources */ = {isa = PBXBuildFile; fileRef = 780D8F4824745F96009763F3 /* ImagePicker.swift */; };
		780D8F5124746852009763F3 /* Localizable.strings in Resources */ = {isa = PBXBuildFile; fileRef = 780D8F4F24746852009763F3 /* Localizable.strings */; };
		782543EF2564A52B00E48B9B /* rain-princess.mlmodel in Sources */ = {isa = PBXBuildFile; fileRef = 782543EA2564A52B00E48B9B /* rain-princess.mlmodel */; };
		782543F02564A52B00E48B9B /* mosaic.mlmodel in Sources */ = {isa = PBXBuildFile; fileRef = 782543EB2564A52B00E48B9B /* mosaic.mlmodel */; };
		782543F12564A52B00E48B9B /* candy.mlmodel in Sources */ = {isa = PBXBuildFile; fileRef = 782543EC2564A52B00E48B9B /* candy.mlmodel */; };
		782543F22564A52B00E48B9B /* pointilism.mlmodel in Sources */ = {isa = PBXBuildFile; fileRef = 782543ED2564A52B00E48B9B /* pointilism.mlmodel */; };
		782543F32564A52B00E48B9B /* udnie.mlmodel in Sources */ = {isa = PBXBuildFile; fileRef = 782543EE2564A52B00E48B9B /* udnie.mlmodel */; };
		783027AF2474870C00099B11 /* StylesViewController.swift in Sources */ = {isa = PBXBuildFile; fileRef = 783027AE2474870C00099B11 /* StylesViewController.swift */; };
		783027B52474916600099B11 /* Constants.swift in Sources */ = {isa = PBXBuildFile; fileRef = 783027B42474916600099B11 /* Constants.swift */; };
		783027BB2474935C00099B11 /* StyleViewCell.swift in Sources */ = {isa = PBXBuildFile; fileRef = 783027B92474935C00099B11 /* StyleViewCell.swift */; };
		783027BC2474935C00099B11 /* StyleViewCell.xib in Resources */ = {isa = PBXBuildFile; fileRef = 783027BA2474935C00099B11 /* StyleViewCell.xib */; };
		783027C02474BEE800099B11 /* LoadingView.xib in Resources */ = {isa = PBXBuildFile; fileRef = 783027BE2474BEE800099B11 /* LoadingView.xib */; };
		783027C12474BEE800099B11 /* LoadingView.swift in Sources */ = {isa = PBXBuildFile; fileRef = 783027BF2474BEE800099B11 /* LoadingView.swift */; };
		783027C424754BA300099B11 /* ErrorView.swift in Sources */ = {isa = PBXBuildFile; fileRef = 783027C324754BA300099B11 /* ErrorView.swift */; };
		783027C624754BC000099B11 /* ErrorView.xib in Resources */ = {isa = PBXBuildFile; fileRef = 783027C524754BC000099B11 /* ErrorView.xib */; };
		78362AFD2473652900CE4CB9 /* TransferHandler.swift in Sources */ = {isa = PBXBuildFile; fileRef = 78362AFC2473652900CE4CB9 /* TransferHandler.swift */; };
		78362B0E247366CE00CE4CB9 /* CGImagePropertyOrientation.swift in Sources */ = {isa = PBXBuildFile; fileRef = 78362AFF247366CD00CE4CB9 /* CGImagePropertyOrientation.swift */; };
		78362B0F247366CE00CE4CB9 /* CoreML+Combine.swift in Sources */ = {isa = PBXBuildFile; fileRef = 78362B00247366CD00CE4CB9 /* CoreML+Combine.swift */; };
		78362B10247366CE00CE4CB9 /* MLMultiArray+Image.swift in Sources */ = {isa = PBXBuildFile; fileRef = 78362B01247366CD00CE4CB9 /* MLMultiArray+Image.swift */; };
		78362B11247366CE00CE4CB9 /* UIImage+Extensions.swift in Sources */ = {isa = PBXBuildFile; fileRef = 78362B02247366CD00CE4CB9 /* UIImage+Extensions.swift */; };
		78362B12247366CE00CE4CB9 /* Predictions.swift in Sources */ = {isa = PBXBuildFile; fileRef = 78362B03247366CD00CE4CB9 /* Predictions.swift */; };
		78362B13247366CE00CE4CB9 /* UIImage+RawBytes.swift in Sources */ = {isa = PBXBuildFile; fileRef = 78362B04247366CD00CE4CB9 /* UIImage+RawBytes.swift */; };
		78362B14247366CE00CE4CB9 /* MLModel+Images.swift in Sources */ = {isa = PBXBuildFile; fileRef = 78362B05247366CE00CE4CB9 /* MLModel+Images.swift */; };
		78362B15247366CE00CE4CB9 /* UIImage+CVPixelBuffer.swift in Sources */ = {isa = PBXBuildFile; fileRef = 78362B06247366CE00CE4CB9 /* UIImage+CVPixelBuffer.swift */; };
		78362B16247366CE00CE4CB9 /* CGImage+CVPixelBuffer.swift in Sources */ = {isa = PBXBuildFile; fileRef = 78362B07247366CE00CE4CB9 /* CGImage+CVPixelBuffer.swift */; };
		78362B17247366CE00CE4CB9 /* NonMaxSuppression.swift in Sources */ = {isa = PBXBuildFile; fileRef = 78362B08247366CE00CE4CB9 /* NonMaxSuppression.swift */; };
		78362B18247366CE00CE4CB9 /* CVPixelBuffer+Helpers.swift in Sources */ = {isa = PBXBuildFile; fileRef = 78362B09247366CE00CE4CB9 /* CVPixelBuffer+Helpers.swift */; };
		78362B19247366CE00CE4CB9 /* CGImage+RawBytes.swift in Sources */ = {isa = PBXBuildFile; fileRef = 78362B0A247366CE00CE4CB9 /* CGImage+RawBytes.swift */; };
		78362B1A247366CE00CE4CB9 /* MLMultiArray+Helpers.swift in Sources */ = {isa = PBXBuildFile; fileRef = 78362B0B247366CE00CE4CB9 /* MLMultiArray+Helpers.swift */; };
		78362B1B247366CE00CE4CB9 /* Math.swift in Sources */ = {isa = PBXBuildFile; fileRef = 78362B0C247366CE00CE4CB9 /* Math.swift */; };
		78362B1C247366CE00CE4CB9 /* Array+Extensions.swift in Sources */ = {isa = PBXBuildFile; fileRef = 78362B0D247366CE00CE4CB9 /* Array+Extensions.swift */; };
		78411AA724742016005809C3 /* String+Localized.swift in Sources */ = {isa = PBXBuildFile; fileRef = 78411AA624742016005809C3 /* String+Localized.swift */; };
		78411AAA24742148005809C3 /* Logger.swift in Sources */ = {isa = PBXBuildFile; fileRef = 78411AA924742148005809C3 /* Logger.swift */; };
		78411AAC24742DC3005809C3 /* TransferModel.swift in Sources */ = {isa = PBXBuildFile; fileRef = 78411AAB24742DC3005809C3 /* TransferModel.swift */; };
		789D51B32473631B00015641 /* AppDelegate.swift in Sources */ = {isa = PBXBuildFile; fileRef = 789D51B22473631B00015641 /* AppDelegate.swift */; };
		789D51B52473631B00015641 /* SceneDelegate.swift in Sources */ = {isa = PBXBuildFile; fileRef = 789D51B42473631B00015641 /* SceneDelegate.swift */; };
		789D51B72473631B00015641 /* MainViewController.swift in Sources */ = {isa = PBXBuildFile; fileRef = 789D51B62473631B00015641 /* MainViewController.swift */; };
		789D51BA2473631B00015641 /* Main.storyboard in Resources */ = {isa = PBXBuildFile; fileRef = 789D51B82473631B00015641 /* Main.storyboard */; };
		789D51BC2473631C00015641 /* Assets.xcassets in Resources */ = {isa = PBXBuildFile; fileRef = 789D51BB2473631C00015641 /* Assets.xcassets */; };
		789D51BF2473631C00015641 /* LaunchScreen.storyboard in Resources */ = {isa = PBXBuildFile; fileRef = 789D51BD2473631C00015641 /* LaunchScreen.storyboard */; };
		78C0206624756D8100CC111B /* CustomButton.swift in Sources */ = {isa = PBXBuildFile; fileRef = 78C0206524756D8100CC111B /* CustomButton.swift */; };
		78C0206824756D8F00CC111B /* RoundButton.swift in Sources */ = {isa = PBXBuildFile; fileRef = 78C0206724756D8F00CC111B /* RoundButton.swift */; };
		78C0206A24757D1400CC111B /* UILabel+Outline.swift in Sources */ = {isa = PBXBuildFile; fileRef = 78C0206924757D1400CC111B /* UILabel+Outline.swift */; };
		78C0206C247585A700CC111B /* UIImage+SoftenBorders.swift in Sources */ = {isa = PBXBuildFile; fileRef = 78C0206B247585A700CC111B /* UIImage+SoftenBorders.swift */; };
/* End PBXBuildFile section */

/* Begin PBXFileReference section */
		780D8F3924743445009763F3 /* Font.swift */ = {isa = PBXFileReference; fileEncoding = 4; lastKnownFileType = sourcecode.swift; path = Font.swift; sourceTree = "<group>"; };
		780D8F4824745F96009763F3 /* ImagePicker.swift */ = {isa = PBXFileReference; lastKnownFileType = sourcecode.swift; path = ImagePicker.swift; sourceTree = "<group>"; };
		780D8F5024746852009763F3 /* Base */ = {isa = PBXFileReference; lastKnownFileType = text.plist.strings; name = Base; path = Base.lproj/Localizable.strings; sourceTree = "<group>"; };
		782543EA2564A52B00E48B9B /* rain-princess.mlmodel */ = {isa = PBXFileReference; lastKnownFileType = file.mlmodel; path = "rain-princess.mlmodel"; sourceTree = "<group>"; };
		782543EB2564A52B00E48B9B /* mosaic.mlmodel */ = {isa = PBXFileReference; lastKnownFileType = file.mlmodel; path = mosaic.mlmodel; sourceTree = "<group>"; };
		782543EC2564A52B00E48B9B /* candy.mlmodel */ = {isa = PBXFileReference; lastKnownFileType = file.mlmodel; path = candy.mlmodel; sourceTree = "<group>"; };
		782543ED2564A52B00E48B9B /* pointilism.mlmodel */ = {isa = PBXFileReference; lastKnownFileType = file.mlmodel; path = pointilism.mlmodel; sourceTree = "<group>"; };
		782543EE2564A52B00E48B9B /* udnie.mlmodel */ = {isa = PBXFileReference; lastKnownFileType = file.mlmodel; path = udnie.mlmodel; sourceTree = "<group>"; };
		783027AE2474870C00099B11 /* StylesViewController.swift */ = {isa = PBXFileReference; lastKnownFileType = sourcecode.swift; path = StylesViewController.swift; sourceTree = "<group>"; };
		783027B42474916600099B11 /* Constants.swift */ = {isa = PBXFileReference; lastKnownFileType = sourcecode.swift; path = Constants.swift; sourceTree = "<group>"; };
		783027B92474935C00099B11 /* StyleViewCell.swift */ = {isa = PBXFileReference; lastKnownFileType = sourcecode.swift; path = StyleViewCell.swift; sourceTree = "<group>"; };
		783027BA2474935C00099B11 /* StyleViewCell.xib */ = {isa = PBXFileReference; lastKnownFileType = file.xib; path = StyleViewCell.xib; sourceTree = "<group>"; };
		783027BE2474BEE800099B11 /* LoadingView.xib */ = {isa = PBXFileReference; fileEncoding = 4; lastKnownFileType = file.xib; path = LoadingView.xib; sourceTree = "<group>"; };
		783027BF2474BEE800099B11 /* LoadingView.swift */ = {isa = PBXFileReference; fileEncoding = 4; lastKnownFileType = sourcecode.swift; path = LoadingView.swift; sourceTree = "<group>"; };
		783027C324754BA300099B11 /* ErrorView.swift */ = {isa = PBXFileReference; lastKnownFileType = sourcecode.swift; path = ErrorView.swift; sourceTree = "<group>"; };
		783027C524754BC000099B11 /* ErrorView.xib */ = {isa = PBXFileReference; lastKnownFileType = file.xib; path = ErrorView.xib; sourceTree = "<group>"; };
		78362AFC2473652900CE4CB9 /* TransferHandler.swift */ = {isa = PBXFileReference; lastKnownFileType = sourcecode.swift; path = TransferHandler.swift; sourceTree = "<group>"; };
		78362AFF247366CD00CE4CB9 /* CGImagePropertyOrientation.swift */ = {isa = PBXFileReference; fileEncoding = 4; lastKnownFileType = sourcecode.swift; path = CGImagePropertyOrientation.swift; sourceTree = "<group>"; };
		78362B00247366CD00CE4CB9 /* CoreML+Combine.swift */ = {isa = PBXFileReference; fileEncoding = 4; lastKnownFileType = sourcecode.swift; path = "CoreML+Combine.swift"; sourceTree = "<group>"; };
		78362B01247366CD00CE4CB9 /* MLMultiArray+Image.swift */ = {isa = PBXFileReference; fileEncoding = 4; lastKnownFileType = sourcecode.swift; path = "MLMultiArray+Image.swift"; sourceTree = "<group>"; };
		78362B02247366CD00CE4CB9 /* UIImage+Extensions.swift */ = {isa = PBXFileReference; fileEncoding = 4; lastKnownFileType = sourcecode.swift; path = "UIImage+Extensions.swift"; sourceTree = "<group>"; };
		78362B03247366CD00CE4CB9 /* Predictions.swift */ = {isa = PBXFileReference; fileEncoding = 4; lastKnownFileType = sourcecode.swift; path = Predictions.swift; sourceTree = "<group>"; };
		78362B04247366CD00CE4CB9 /* UIImage+RawBytes.swift */ = {isa = PBXFileReference; fileEncoding = 4; lastKnownFileType = sourcecode.swift; path = "UIImage+RawBytes.swift"; sourceTree = "<group>"; };
		78362B05247366CE00CE4CB9 /* MLModel+Images.swift */ = {isa = PBXFileReference; fileEncoding = 4; lastKnownFileType = sourcecode.swift; path = "MLModel+Images.swift"; sourceTree = "<group>"; };
		78362B06247366CE00CE4CB9 /* UIImage+CVPixelBuffer.swift */ = {isa = PBXFileReference; fileEncoding = 4; lastKnownFileType = sourcecode.swift; path = "UIImage+CVPixelBuffer.swift"; sourceTree = "<group>"; };
		78362B07247366CE00CE4CB9 /* CGImage+CVPixelBuffer.swift */ = {isa = PBXFileReference; fileEncoding = 4; lastKnownFileType = sourcecode.swift; path = "CGImage+CVPixelBuffer.swift"; sourceTree = "<group>"; };
		78362B08247366CE00CE4CB9 /* NonMaxSuppression.swift */ = {isa = PBXFileReference; fileEncoding = 4; lastKnownFileType = sourcecode.swift; path = NonMaxSuppression.swift; sourceTree = "<group>"; };
		78362B09247366CE00CE4CB9 /* CVPixelBuffer+Helpers.swift */ = {isa = PBXFileReference; fileEncoding = 4; lastKnownFileType = sourcecode.swift; path = "CVPixelBuffer+Helpers.swift"; sourceTree = "<group>"; };
		78362B0A247366CE00CE4CB9 /* CGImage+RawBytes.swift */ = {isa = PBXFileReference; fileEncoding = 4; lastKnownFileType = sourcecode.swift; path = "CGImage+RawBytes.swift"; sourceTree = "<group>"; };
		78362B0B247366CE00CE4CB9 /* MLMultiArray+Helpers.swift */ = {isa = PBXFileReference; fileEncoding = 4; lastKnownFileType = sourcecode.swift; path = "MLMultiArray+Helpers.swift"; sourceTree = "<group>"; };
		78362B0C247366CE00CE4CB9 /* Math.swift */ = {isa = PBXFileReference; fileEncoding = 4; lastKnownFileType = sourcecode.swift; path = Math.swift; sourceTree = "<group>"; };
		78362B0D247366CE00CE4CB9 /* Array+Extensions.swift */ = {isa = PBXFileReference; fileEncoding = 4; lastKnownFileType = sourcecode.swift; path = "Array+Extensions.swift"; sourceTree = "<group>"; };
		78411AA624742016005809C3 /* String+Localized.swift */ = {isa = PBXFileReference; lastKnownFileType = sourcecode.swift; path = "String+Localized.swift"; sourceTree = "<group>"; };
		78411AA924742148005809C3 /* Logger.swift */ = {isa = PBXFileReference; lastKnownFileType = sourcecode.swift; path = Logger.swift; sourceTree = "<group>"; };
		78411AAB24742DC3005809C3 /* TransferModel.swift */ = {isa = PBXFileReference; fileEncoding = 4; lastKnownFileType = sourcecode.swift; path = TransferModel.swift; sourceTree = "<group>"; };
		789D51AF2473631B00015641 /* FNST.app */ = {isa = PBXFileReference; explicitFileType = wrapper.application; includeInIndex = 0; path = FNST.app; sourceTree = BUILT_PRODUCTS_DIR; };
		789D51B22473631B00015641 /* AppDelegate.swift */ = {isa = PBXFileReference; lastKnownFileType = sourcecode.swift; path = AppDelegate.swift; sourceTree = "<group>"; };
		789D51B42473631B00015641 /* SceneDelegate.swift */ = {isa = PBXFileReference; lastKnownFileType = sourcecode.swift; path = SceneDelegate.swift; sourceTree = "<group>"; };
		789D51B62473631B00015641 /* MainViewController.swift */ = {isa = PBXFileReference; lastKnownFileType = sourcecode.swift; path = MainViewController.swift; sourceTree = "<group>"; };
		789D51B92473631B00015641 /* Base */ = {isa = PBXFileReference; lastKnownFileType = file.storyboard; name = Base; path = Base.lproj/Main.storyboard; sourceTree = "<group>"; };
		789D51BB2473631C00015641 /* Assets.xcassets */ = {isa = PBXFileReference; lastKnownFileType = folder.assetcatalog; path = Assets.xcassets; sourceTree = "<group>"; };
		789D51BE2473631C00015641 /* Base */ = {isa = PBXFileReference; lastKnownFileType = file.storyboard; name = Base; path = Base.lproj/LaunchScreen.storyboard; sourceTree = "<group>"; };
		789D51C02473631C00015641 /* Info.plist */ = {isa = PBXFileReference; lastKnownFileType = text.plist.xml; path = Info.plist; sourceTree = "<group>"; };
		78C0206524756D8100CC111B /* CustomButton.swift */ = {isa = PBXFileReference; fileEncoding = 4; lastKnownFileType = sourcecode.swift; path = CustomButton.swift; sourceTree = "<group>"; };
		78C0206724756D8F00CC111B /* RoundButton.swift */ = {isa = PBXFileReference; lastKnownFileType = sourcecode.swift; path = RoundButton.swift; sourceTree = "<group>"; };
		78C0206924757D1400CC111B /* UILabel+Outline.swift */ = {isa = PBXFileReference; lastKnownFileType = sourcecode.swift; path = "UILabel+Outline.swift"; sourceTree = "<group>"; };
		78C0206B247585A700CC111B /* UIImage+SoftenBorders.swift */ = {isa = PBXFileReference; lastKnownFileType = sourcecode.swift; path = "UIImage+SoftenBorders.swift"; sourceTree = "<group>"; };
/* End PBXFileReference section */

/* Begin PBXFrameworksBuildPhase section */
		789D51AC2473631B00015641 /* Frameworks */ = {
			isa = PBXFrameworksBuildPhase;
			buildActionMask = 2147483647;
			files = (
			);
			runOnlyForDeploymentPostprocessing = 0;
		};
/* End PBXFrameworksBuildPhase section */

/* Begin PBXGroup section */
		780D8F33247433E8009763F3 /* View */ = {
			isa = PBXGroup;
			children = (
				783027C224754B5E00099B11 /* ErrorView */,
				783027BD2474BEE800099B11 /* LoadingView */,
				783027B82474934600099B11 /* StyleViewCell */,
				780D8F342474340C009763F3 /* Button */,
			);
			path = View;
			sourceTree = "<group>";
		};
		780D8F342474340C009763F3 /* Button */ = {
			isa = PBXGroup;
			children = (
				78C0206524756D8100CC111B /* CustomButton.swift */,
				78C0206724756D8F00CC111B /* RoundButton.swift */,
			);
			path = Button;
			sourceTree = "<group>";
		};
		780D8F3824743445009763F3 /* Helpers */ = {
			isa = PBXGroup;
			children = (
				780D8F3924743445009763F3 /* Font.swift */,
				783027B42474916600099B11 /* Constants.swift */,
			);
			path = Helpers;
			sourceTree = "<group>";
		};
		782543E92564A51100E48B9B /* Models */ = {
			isa = PBXGroup;
			children = (
				782543EC2564A52B00E48B9B /* candy.mlmodel */,
				782543EB2564A52B00E48B9B /* mosaic.mlmodel */,
				782543ED2564A52B00E48B9B /* pointilism.mlmodel */,
				782543EA2564A52B00E48B9B /* rain-princess.mlmodel */,
				782543EE2564A52B00E48B9B /* udnie.mlmodel */,
			);
			path = Models;
			sourceTree = "<group>";
		};
		783027B82474934600099B11 /* StyleViewCell */ = {
			isa = PBXGroup;
			children = (
				783027B92474935C00099B11 /* StyleViewCell.swift */,
				783027BA2474935C00099B11 /* StyleViewCell.xib */,
			);
			path = StyleViewCell;
			sourceTree = "<group>";
		};
		783027BD2474BEE800099B11 /* LoadingView */ = {
			isa = PBXGroup;
			children = (
				783027BE2474BEE800099B11 /* LoadingView.xib */,
				783027BF2474BEE800099B11 /* LoadingView.swift */,
			);
			path = LoadingView;
			sourceTree = "<group>";
		};
		783027C224754B5E00099B11 /* ErrorView */ = {
			isa = PBXGroup;
			children = (
				783027C324754BA300099B11 /* ErrorView.swift */,
				783027C524754BC000099B11 /* ErrorView.xib */,
			);
			path = ErrorView;
			sourceTree = "<group>";
		};
		78362AF9247364D800CE4CB9 /* StyleTransfer */ = {
			isa = PBXGroup;
			children = (
				78411AAB24742DC3005809C3 /* TransferModel.swift */,
				78362AFC2473652900CE4CB9 /* TransferHandler.swift */,
			);
			path = StyleTransfer;
			sourceTree = "<group>";
		};
		78362AFE2473669300CE4CB9 /* MLHelpers */ = {
			isa = PBXGroup;
			children = (
				78362B0D247366CE00CE4CB9 /* Array+Extensions.swift */,
				78362B07247366CE00CE4CB9 /* CGImage+CVPixelBuffer.swift */,
				78362B0A247366CE00CE4CB9 /* CGImage+RawBytes.swift */,
				78362AFF247366CD00CE4CB9 /* CGImagePropertyOrientation.swift */,
				78362B00247366CD00CE4CB9 /* CoreML+Combine.swift */,
				78362B09247366CE00CE4CB9 /* CVPixelBuffer+Helpers.swift */,
				78362B0C247366CE00CE4CB9 /* Math.swift */,
				78362B05247366CE00CE4CB9 /* MLModel+Images.swift */,
				78362B0B247366CE00CE4CB9 /* MLMultiArray+Helpers.swift */,
				78362B01247366CD00CE4CB9 /* MLMultiArray+Image.swift */,
				78362B08247366CE00CE4CB9 /* NonMaxSuppression.swift */,
				78362B03247366CD00CE4CB9 /* Predictions.swift */,
				78362B06247366CE00CE4CB9 /* UIImage+CVPixelBuffer.swift */,
				78362B02247366CD00CE4CB9 /* UIImage+Extensions.swift */,
				78362B04247366CD00CE4CB9 /* UIImage+RawBytes.swift */,
			);
			path = MLHelpers;
			sourceTree = "<group>";
		};
		78411A91247407D3005809C3 /* Extensions */ = {
			isa = PBXGroup;
			children = (
				78411AA624742016005809C3 /* String+Localized.swift */,
				78C0206924757D1400CC111B /* UILabel+Outline.swift */,
				78C0206B247585A700CC111B /* UIImage+SoftenBorders.swift */,
			);
			path = Extensions;
			sourceTree = "<group>";
		};
		78411AA824742116005809C3 /* Logger */ = {
			isa = PBXGroup;
			children = (
				78411AA924742148005809C3 /* Logger.swift */,
			);
			path = Logger;
			sourceTree = "<group>";
		};
		789D51A62473631B00015641 = {
			isa = PBXGroup;
			children = (
				789D51B12473631B00015641 /* FNST */,
				789D51B02473631B00015641 /* Products */,
			);
			sourceTree = "<group>";
		};
		789D51B02473631B00015641 /* Products */ = {
			isa = PBXGroup;
			children = (
				789D51AF2473631B00015641 /* FNST.app */,
			);
			name = Products;
			sourceTree = "<group>";
		};
		789D51B12473631B00015641 /* FNST */ = {
			isa = PBXGroup;
			children = (
				782543E92564A51100E48B9B /* Models */,
				780D8F3824743445009763F3 /* Helpers */,
				780D8F33247433E8009763F3 /* View */,
				78411AA824742116005809C3 /* Logger */,
				78411A91247407D3005809C3 /* Extensions */,
				78362AFE2473669300CE4CB9 /* MLHelpers */,
				78362AF9247364D800CE4CB9 /* StyleTransfer */,
				789D51C92473635700015641 /* Controller */,
				789D51C82473634C00015641 /* Stoyboard */,
				789D51C72473633800015641 /* SceneDelegate */,
				789D51C62473632700015641 /* AppDelegate */,
				789D51CA2473636500015641 /* Support Files */,
			);
			path = FNST;
			sourceTree = "<group>";
		};
		789D51C62473632700015641 /* AppDelegate */ = {
			isa = PBXGroup;
			children = (
				789D51B22473631B00015641 /* AppDelegate.swift */,
			);
			path = AppDelegate;
			sourceTree = "<group>";
		};
		789D51C72473633800015641 /* SceneDelegate */ = {
			isa = PBXGroup;
			children = (
				789D51B42473631B00015641 /* SceneDelegate.swift */,
			);
			path = SceneDelegate;
			sourceTree = "<group>";
		};
		789D51C82473634C00015641 /* Stoyboard */ = {
			isa = PBXGroup;
			children = (
				789D51B82473631B00015641 /* Main.storyboard */,
				789D51BD2473631C00015641 /* LaunchScreen.storyboard */,
			);
			path = Stoyboard;
			sourceTree = "<group>";
		};
		789D51C92473635700015641 /* Controller */ = {
			isa = PBXGroup;
			children = (
				789D51B62473631B00015641 /* MainViewController.swift */,
				780D8F4824745F96009763F3 /* ImagePicker.swift */,
				783027AE2474870C00099B11 /* StylesViewController.swift */,
			);
			path = Controller;
			sourceTree = "<group>";
		};
		789D51CA2473636500015641 /* Support Files */ = {
			isa = PBXGroup;
			children = (
				780D8F4F24746852009763F3 /* Localizable.strings */,
				789D51BB2473631C00015641 /* Assets.xcassets */,
				789D51C02473631C00015641 /* Info.plist */,
			);
			name = "Support Files";
			sourceTree = "<group>";
		};
/* End PBXGroup section */

/* Begin PBXNativeTarget section */
		789D51AE2473631B00015641 /* FNST */ = {
			isa = PBXNativeTarget;
			buildConfigurationList = 789D51C32473631C00015641 /* Build configuration list for PBXNativeTarget "FNST" */;
			buildPhases = (
				789D51AB2473631B00015641 /* Sources */,
				789D51AC2473631B00015641 /* Frameworks */,
				789D51AD2473631B00015641 /* Resources */,
			);
			buildRules = (
			);
			dependencies = (
			);
			name = FNST;
			productName = FNST;
			productReference = 789D51AF2473631B00015641 /* FNST.app */;
			productType = "com.apple.product-type.application";
		};
/* End PBXNativeTarget section */

/* Begin PBXProject section */
		789D51A72473631B00015641 /* Project object */ = {
			isa = PBXProject;
			attributes = {
				LastSwiftUpdateCheck = 1120;
				LastUpgradeCheck = 1120;
				ORGANIZATIONNAME = "Igor Andruskiewitsch";
				TargetAttributes = {
					789D51AE2473631B00015641 = {
						CreatedOnToolsVersion = 11.2.1;
					};
				};
			};
			buildConfigurationList = 789D51AA2473631B00015641 /* Build configuration list for PBXProject "FNST" */;
			compatibilityVersion = "Xcode 9.3";
			developmentRegion = en;
			hasScannedForEncodings = 0;
			knownRegions = (
				en,
				Base,
			);
			mainGroup = 789D51A62473631B00015641;
			productRefGroup = 789D51B02473631B00015641 /* Products */;
			projectDirPath = "";
			projectRoot = "";
			targets = (
				789D51AE2473631B00015641 /* FNST */,
			);
		};
/* End PBXProject section */

/* Begin PBXResourcesBuildPhase section */
		789D51AD2473631B00015641 /* Resources */ = {
			isa = PBXResourcesBuildPhase;
			buildActionMask = 2147483647;
			files = (
				780D8F5124746852009763F3 /* Localizable.strings in Resources */,
				789D51BF2473631C00015641 /* LaunchScreen.storyboard in Resources */,
				789D51BC2473631C00015641 /* Assets.xcassets in Resources */,
				783027C02474BEE800099B11 /* LoadingView.xib in Resources */,
				783027C624754BC000099B11 /* ErrorView.xib in Resources */,
				789D51BA2473631B00015641 /* Main.storyboard in Resources */,
				783027BC2474935C00099B11 /* StyleViewCell.xib in Resources */,
			);
			runOnlyForDeploymentPostprocessing = 0;
		};
/* End PBXResourcesBuildPhase section */

/* Begin PBXSourcesBuildPhase section */
		789D51AB2473631B00015641 /* Sources */ = {
			isa = PBXSourcesBuildPhase;
			buildActionMask = 2147483647;
			files = (
				78C0206824756D8F00CC111B /* RoundButton.swift in Sources */,
				78362B16247366CE00CE4CB9 /* CGImage+CVPixelBuffer.swift in Sources */,
				782543F32564A52B00E48B9B /* udnie.mlmodel in Sources */,
				78411AAA24742148005809C3 /* Logger.swift in Sources */,
				780D8F4924745F96009763F3 /* ImagePicker.swift in Sources */,
				782543F12564A52B00E48B9B /* candy.mlmodel in Sources */,
				78362B0F247366CE00CE4CB9 /* CoreML+Combine.swift in Sources */,
				783027AF2474870C00099B11 /* StylesViewController.swift in Sources */,
				789D51B72473631B00015641 /* MainViewController.swift in Sources */,
				789D51B32473631B00015641 /* AppDelegate.swift in Sources */,
				78362AFD2473652900CE4CB9 /* TransferHandler.swift in Sources */,
				78362B13247366CE00CE4CB9 /* UIImage+RawBytes.swift in Sources */,
				78C0206C247585A700CC111B /* UIImage+SoftenBorders.swift in Sources */,
				78362B18247366CE00CE4CB9 /* CVPixelBuffer+Helpers.swift in Sources */,
				78362B12247366CE00CE4CB9 /* Predictions.swift in Sources */,
				782543F02564A52B00E48B9B /* mosaic.mlmodel in Sources */,
				78362B1C247366CE00CE4CB9 /* Array+Extensions.swift in Sources */,
				789D51B52473631B00015641 /* SceneDelegate.swift in Sources */,
				78362B1A247366CE00CE4CB9 /* MLMultiArray+Helpers.swift in Sources */,
				78C0206624756D8100CC111B /* CustomButton.swift in Sources */,
				78362B11247366CE00CE4CB9 /* UIImage+Extensions.swift in Sources */,
				78362B14247366CE00CE4CB9 /* MLModel+Images.swift in Sources */,
				78411AAC24742DC3005809C3 /* TransferModel.swift in Sources */,
				78362B15247366CE00CE4CB9 /* UIImage+CVPixelBuffer.swift in Sources */,
				782543F22564A52B00E48B9B /* pointilism.mlmodel in Sources */,
				78362B19247366CE00CE4CB9 /* CGImage+RawBytes.swift in Sources */,
				78362B0E247366CE00CE4CB9 /* CGImagePropertyOrientation.swift in Sources */,
				78362B17247366CE00CE4CB9 /* NonMaxSuppression.swift in Sources */,
				783027BB2474935C00099B11 /* StyleViewCell.swift in Sources */,
				780D8F3A24743445009763F3 /* Font.swift in Sources */,
				78C0206A24757D1400CC111B /* UILabel+Outline.swift in Sources */,
				782543EF2564A52B00E48B9B /* rain-princess.mlmodel in Sources */,
				78362B10247366CE00CE4CB9 /* MLMultiArray+Image.swift in Sources */,
				783027C424754BA300099B11 /* ErrorView.swift in Sources */,
				783027C12474BEE800099B11 /* LoadingView.swift in Sources */,
				78411AA724742016005809C3 /* String+Localized.swift in Sources */,
				78362B1B247366CE00CE4CB9 /* Math.swift in Sources */,
				783027B52474916600099B11 /* Constants.swift in Sources */,
			);
			runOnlyForDeploymentPostprocessing = 0;
		};
/* End PBXSourcesBuildPhase section */

/* Begin PBXVariantGroup section */
		780D8F4F24746852009763F3 /* Localizable.strings */ = {
			isa = PBXVariantGroup;
			children = (
				780D8F5024746852009763F3 /* Base */,
			);
			name = Localizable.strings;
			sourceTree = "<group>";
		};
		789D51B82473631B00015641 /* Main.storyboard */ = {
			isa = PBXVariantGroup;
			children = (
				789D51B92473631B00015641 /* Base */,
			);
			name = Main.storyboard;
			sourceTree = "<group>";
		};
		789D51BD2473631C00015641 /* LaunchScreen.storyboard */ = {
			isa = PBXVariantGroup;
			children = (
				789D51BE2473631C00015641 /* Base */,
			);
			name = LaunchScreen.storyboard;
			sourceTree = "<group>";
		};
/* End PBXVariantGroup section */

/* Begin XCBuildConfiguration section */
		789D51C12473631C00015641 /* Debug */ = {
			isa = XCBuildConfiguration;
			buildSettings = {
				ALWAYS_SEARCH_USER_PATHS = NO;
				CLANG_ANALYZER_NONNULL = YES;
				CLANG_ANALYZER_NUMBER_OBJECT_CONVERSION = YES_AGGRESSIVE;
				CLANG_CXX_LANGUAGE_STANDARD = "gnu++14";
				CLANG_CXX_LIBRARY = "libc++";
				CLANG_ENABLE_MODULES = YES;
				CLANG_ENABLE_OBJC_ARC = YES;
				CLANG_ENABLE_OBJC_WEAK = YES;
				CLANG_WARN_BLOCK_CAPTURE_AUTORELEASING = YES;
				CLANG_WARN_BOOL_CONVERSION = YES;
				CLANG_WARN_COMMA = YES;
				CLANG_WARN_CONSTANT_CONVERSION = YES;
				CLANG_WARN_DEPRECATED_OBJC_IMPLEMENTATIONS = YES;
				CLANG_WARN_DIRECT_OBJC_ISA_USAGE = YES_ERROR;
				CLANG_WARN_DOCUMENTATION_COMMENTS = YES;
				CLANG_WARN_EMPTY_BODY = YES;
				CLANG_WARN_ENUM_CONVERSION = YES;
				CLANG_WARN_INFINITE_RECURSION = YES;
				CLANG_WARN_INT_CONVERSION = YES;
				CLANG_WARN_NON_LITERAL_NULL_CONVERSION = YES;
				CLANG_WARN_OBJC_IMPLICIT_RETAIN_SELF = YES;
				CLANG_WARN_OBJC_LITERAL_CONVERSION = YES;
				CLANG_WARN_OBJC_ROOT_CLASS = YES_ERROR;
				CLANG_WARN_RANGE_LOOP_ANALYSIS = YES;
				CLANG_WARN_STRICT_PROTOTYPES = YES;
				CLANG_WARN_SUSPICIOUS_MOVE = YES;
				CLANG_WARN_UNGUARDED_AVAILABILITY = YES_AGGRESSIVE;
				CLANG_WARN_UNREACHABLE_CODE = YES;
				CLANG_WARN__DUPLICATE_METHOD_MATCH = YES;
				COPY_PHASE_STRIP = NO;
				DEBUG_INFORMATION_FORMAT = dwarf;
				ENABLE_STRICT_OBJC_MSGSEND = YES;
				ENABLE_TESTABILITY = YES;
				GCC_C_LANGUAGE_STANDARD = gnu11;
				GCC_DYNAMIC_NO_PIC = NO;
				GCC_NO_COMMON_BLOCKS = YES;
				GCC_OPTIMIZATION_LEVEL = 0;
				GCC_PREPROCESSOR_DEFINITIONS = (
					"DEBUG=1",
					"$(inherited)",
				);
				GCC_WARN_64_TO_32_BIT_CONVERSION = YES;
				GCC_WARN_ABOUT_RETURN_TYPE = YES_ERROR;
				GCC_WARN_UNDECLARED_SELECTOR = YES;
				GCC_WARN_UNINITIALIZED_AUTOS = YES_AGGRESSIVE;
				GCC_WARN_UNUSED_FUNCTION = YES;
				GCC_WARN_UNUSED_VARIABLE = YES;
				IPHONEOS_DEPLOYMENT_TARGET = 13.2;
				MTL_ENABLE_DEBUG_INFO = INCLUDE_SOURCE;
				MTL_FAST_MATH = YES;
				ONLY_ACTIVE_ARCH = YES;
				SDKROOT = iphoneos;
				SWIFT_ACTIVE_COMPILATION_CONDITIONS = DEBUG;
				SWIFT_OPTIMIZATION_LEVEL = "-Onone";
			};
			name = Debug;
		};
		789D51C22473631C00015641 /* Release */ = {
			isa = XCBuildConfiguration;
			buildSettings = {
				ALWAYS_SEARCH_USER_PATHS = NO;
				CLANG_ANALYZER_NONNULL = YES;
				CLANG_ANALYZER_NUMBER_OBJECT_CONVERSION = YES_AGGRESSIVE;
				CLANG_CXX_LANGUAGE_STANDARD = "gnu++14";
				CLANG_CXX_LIBRARY = "libc++";
				CLANG_ENABLE_MODULES = YES;
				CLANG_ENABLE_OBJC_ARC = YES;
				CLANG_ENABLE_OBJC_WEAK = YES;
				CLANG_WARN_BLOCK_CAPTURE_AUTORELEASING = YES;
				CLANG_WARN_BOOL_CONVERSION = YES;
				CLANG_WARN_COMMA = YES;
				CLANG_WARN_CONSTANT_CONVERSION = YES;
				CLANG_WARN_DEPRECATED_OBJC_IMPLEMENTATIONS = YES;
				CLANG_WARN_DIRECT_OBJC_ISA_USAGE = YES_ERROR;
				CLANG_WARN_DOCUMENTATION_COMMENTS = YES;
				CLANG_WARN_EMPTY_BODY = YES;
				CLANG_WARN_ENUM_CONVERSION = YES;
				CLANG_WARN_INFINITE_RECURSION = YES;
				CLANG_WARN_INT_CONVERSION = YES;
				CLANG_WARN_NON_LITERAL_NULL_CONVERSION = YES;
				CLANG_WARN_OBJC_IMPLICIT_RETAIN_SELF = YES;
				CLANG_WARN_OBJC_LITERAL_CONVERSION = YES;
				CLANG_WARN_OBJC_ROOT_CLASS = YES_ERROR;
				CLANG_WARN_RANGE_LOOP_ANALYSIS = YES;
				CLANG_WARN_STRICT_PROTOTYPES = YES;
				CLANG_WARN_SUSPICIOUS_MOVE = YES;
				CLANG_WARN_UNGUARDED_AVAILABILITY = YES_AGGRESSIVE;
				CLANG_WARN_UNREACHABLE_CODE = YES;
				CLANG_WARN__DUPLICATE_METHOD_MATCH = YES;
				COPY_PHASE_STRIP = NO;
				DEBUG_INFORMATION_FORMAT = "dwarf-with-dsym";
				ENABLE_NS_ASSERTIONS = NO;
				ENABLE_STRICT_OBJC_MSGSEND = YES;
				GCC_C_LANGUAGE_STANDARD = gnu11;
				GCC_NO_COMMON_BLOCKS = YES;
				GCC_WARN_64_TO_32_BIT_CONVERSION = YES;
				GCC_WARN_ABOUT_RETURN_TYPE = YES_ERROR;
				GCC_WARN_UNDECLARED_SELECTOR = YES;
				GCC_WARN_UNINITIALIZED_AUTOS = YES_AGGRESSIVE;
				GCC_WARN_UNUSED_FUNCTION = YES;
				GCC_WARN_UNUSED_VARIABLE = YES;
				IPHONEOS_DEPLOYMENT_TARGET = 13.2;
				MTL_ENABLE_DEBUG_INFO = NO;
				MTL_FAST_MATH = YES;
				SDKROOT = iphoneos;
				SWIFT_COMPILATION_MODE = wholemodule;
				SWIFT_OPTIMIZATION_LEVEL = "-O";
				VALIDATE_PRODUCT = YES;
			};
			name = Release;
		};
		789D51C42473631C00015641 /* Debug */ = {
			isa = XCBuildConfiguration;
			buildSettings = {
				ASSETCATALOG_COMPILER_APPICON_NAME = AppIcon;
				CODE_SIGN_STYLE = Automatic;
				COREML_CODEGEN_LANGUAGE = Swift;
				DEVELOPMENT_TEAM = V67S6WRV9Z;
				INFOPLIST_FILE = FNST/Info.plist;
				LD_RUNPATH_SEARCH_PATHS = (
					"$(inherited)",
					"@executable_path/Frameworks",
				);
				PRODUCT_BUNDLE_IDENTIFIER = com.rusito.23.FNST;
				PRODUCT_NAME = "$(TARGET_NAME)";
				SWIFT_VERSION = 5.0;
				TARGETED_DEVICE_FAMILY = "1,2";
			};
			name = Debug;
		};
		789D51C52473631C00015641 /* Release */ = {
			isa = XCBuildConfiguration;
			buildSettings = {
				ASSETCATALOG_COMPILER_APPICON_NAME = AppIcon;
				CODE_SIGN_STYLE = Automatic;
				COREML_CODEGEN_LANGUAGE = Swift;
				DEVELOPMENT_TEAM = V67S6WRV9Z;
				INFOPLIST_FILE = FNST/Info.plist;
				LD_RUNPATH_SEARCH_PATHS = (
					"$(inherited)",
					"@executable_path/Frameworks",
				);
				PRODUCT_BUNDLE_IDENTIFIER = com.rusito.23.FNST;
				PRODUCT_NAME = "$(TARGET_NAME)";
				SWIFT_VERSION = 5.0;
				TARGETED_DEVICE_FAMILY = "1,2";
			};
			name = Release;
		};
/* End XCBuildConfiguration section */

/* Begin XCConfigurationList section */
		789D51AA2473631B00015641 /* Build configuration list for PBXProject "FNST" */ = {
			isa = XCConfigurationList;
			buildConfigurations = (
				789D51C12473631C00015641 /* Debug */,
				789D51C22473631C00015641 /* Release */,
			);
			defaultConfigurationIsVisible = 0;
			defaultConfigurationName = Release;
		};
		789D51C32473631C00015641 /* Build configuration list for PBXNativeTarget "FNST" */ = {
			isa = XCConfigurationList;
			buildConfigurations = (
				789D51C42473631C00015641 /* Debug */,
				789D51C52473631C00015641 /* Release */,
			);
			defaultConfigurationIsVisible = 0;
			defaultConfigurationName = Release;
		};
/* End XCConfigurationList section */
	};
	rootObject = 789D51A72473631B00015641 /* Project object */;
}
