// !$*UTF8*$!
{
	archiveVersion = 1;
	classes = {
	};
	objectVersion = 50;
	objects = {

/* Begin PBXBuildFile section */
		2291B560B583E4E178EBA7A1 /* libPods-FNST.a in Frameworks */ = {isa = PBXBuildFile; fileRef = 9700B83CE2981E116B713B0B /* libPods-FNST.a */; };
		780445E32471BFA700DDB406 /* UIImage+OpenCV.mm in Sources */ = {isa = PBXBuildFile; fileRef = 780445E22471BFA700DDB406 /* UIImage+OpenCV.mm */; };
		780445E72471C08000DDB406 /* Transfer.mm in Sources */ = {isa = PBXBuildFile; fileRef = 780445E62471C08000DDB406 /* Transfer.mm */; };
		780445F22471CA0F00DDB406 /* ImageProcessor.mm in Sources */ = {isa = PBXBuildFile; fileRef = 780445F12471CA0F00DDB406 /* ImageProcessor.mm */; };
		780445F92471D07600DDB406 /* NSString+Localized.m in Sources */ = {isa = PBXBuildFile; fileRef = 780445F82471D07600DDB406 /* NSString+Localized.m */; };
		780446032471D35300DDB406 /* MainFont.m in Sources */ = {isa = PBXBuildFile; fileRef = 780446022471D35300DDB406 /* MainFont.m */; };
		7804460B2471D96100DDB406 /* Localizable.strings in Resources */ = {isa = PBXBuildFile; fileRef = 780446092471D96100DDB406 /* Localizable.strings */; };
		7804460E2471DD6800DDB406 /* cv.png in Resources */ = {isa = PBXBuildFile; fileRef = 7804460D2471DD6800DDB406 /* cv.png */; };
		78DA874B2471B8EF005E5590 /* AppDelegate.m in Sources */ = {isa = PBXBuildFile; fileRef = 78DA874A2471B8EF005E5590 /* AppDelegate.m */; };
		78DA874E2471B8EF005E5590 /* SceneDelegate.m in Sources */ = {isa = PBXBuildFile; fileRef = 78DA874D2471B8EF005E5590 /* SceneDelegate.m */; };
		78DA87512471B8EF005E5590 /* MainViewController.m in Sources */ = {isa = PBXBuildFile; fileRef = 78DA87502471B8EF005E5590 /* MainViewController.m */; };
		78DA87542471B8EF005E5590 /* Main.storyboard in Resources */ = {isa = PBXBuildFile; fileRef = 78DA87522471B8EF005E5590 /* Main.storyboard */; };
		78DA87562471B8F1005E5590 /* Assets.xcassets in Resources */ = {isa = PBXBuildFile; fileRef = 78DA87552471B8F1005E5590 /* Assets.xcassets */; };
		78DA87592471B8F1005E5590 /* LaunchScreen.storyboard in Resources */ = {isa = PBXBuildFile; fileRef = 78DA87572471B8F1005E5590 /* LaunchScreen.storyboard */; };
		78DA875C2471B8F1005E5590 /* main.m in Sources */ = {isa = PBXBuildFile; fileRef = 78DA875B2471B8F1005E5590 /* main.m */; };
/* End PBXBuildFile section */

/* Begin PBXFileReference section */
		780445E12471BF8000DDB406 /* UIImage+OpenCV.h */ = {isa = PBXFileReference; lastKnownFileType = sourcecode.c.h; path = "UIImage+OpenCV.h"; sourceTree = "<group>"; };
		780445E22471BFA700DDB406 /* UIImage+OpenCV.mm */ = {isa = PBXFileReference; lastKnownFileType = sourcecode.cpp.objcpp; path = "UIImage+OpenCV.mm"; sourceTree = "<group>"; };
		780445E52471C08000DDB406 /* Transfer.h */ = {isa = PBXFileReference; lastKnownFileType = sourcecode.c.h; path = Transfer.h; sourceTree = "<group>"; };
		780445E62471C08000DDB406 /* Transfer.mm */ = {isa = PBXFileReference; lastKnownFileType = sourcecode.cpp.objcpp; path = Transfer.mm; sourceTree = "<group>"; };
		780445EA2471C1A300DDB406 /* Messages.h */ = {isa = PBXFileReference; lastKnownFileType = sourcecode.c.h; path = Messages.h; sourceTree = "<group>"; };
		780445ED2471C25B00DDB406 /* Constants.h */ = {isa = PBXFileReference; lastKnownFileType = sourcecode.c.h; path = Constants.h; sourceTree = "<group>"; };
		780445EE2471C32800DDB406 /* Utils.h */ = {isa = PBXFileReference; lastKnownFileType = sourcecode.c.h; path = Utils.h; sourceTree = "<group>"; };
		780445F02471CA0F00DDB406 /* ImageProcessor.h */ = {isa = PBXFileReference; lastKnownFileType = sourcecode.c.h; path = ImageProcessor.h; sourceTree = "<group>"; };
		780445F12471CA0F00DDB406 /* ImageProcessor.mm */ = {isa = PBXFileReference; lastKnownFileType = sourcecode.cpp.objcpp; path = ImageProcessor.mm; sourceTree = "<group>"; };
		780445F72471D07600DDB406 /* NSString+Localized.h */ = {isa = PBXFileReference; lastKnownFileType = sourcecode.c.h; path = "NSString+Localized.h"; sourceTree = "<group>"; };
		780445F82471D07600DDB406 /* NSString+Localized.m */ = {isa = PBXFileReference; lastKnownFileType = sourcecode.c.objc; path = "NSString+Localized.m"; sourceTree = "<group>"; };
		780446022471D35300DDB406 /* MainFont.m */ = {isa = PBXFileReference; lastKnownFileType = sourcecode.c.objc; path = MainFont.m; sourceTree = "<group>"; };
		780446042471D71300DDB406 /* MainFont.h */ = {isa = PBXFileReference; lastKnownFileType = sourcecode.c.h; path = MainFont.h; sourceTree = "<group>"; };
		7804460A2471D96100DDB406 /* Base */ = {isa = PBXFileReference; lastKnownFileType = text.plist.strings; name = Base; path = Base.lproj/Localizable.strings; sourceTree = "<group>"; };
		7804460D2471DD6800DDB406 /* cv.png */ = {isa = PBXFileReference; lastKnownFileType = image.png; path = cv.png; sourceTree = "<group>"; };
		78DA87462471B8EF005E5590 /* FNST.app */ = {isa = PBXFileReference; explicitFileType = wrapper.application; includeInIndex = 0; path = FNST.app; sourceTree = BUILT_PRODUCTS_DIR; };
		78DA87492471B8EF005E5590 /* AppDelegate.h */ = {isa = PBXFileReference; lastKnownFileType = sourcecode.c.h; path = AppDelegate.h; sourceTree = "<group>"; };
		78DA874A2471B8EF005E5590 /* AppDelegate.m */ = {isa = PBXFileReference; lastKnownFileType = sourcecode.c.objc; path = AppDelegate.m; sourceTree = "<group>"; };
		78DA874C2471B8EF005E5590 /* SceneDelegate.h */ = {isa = PBXFileReference; lastKnownFileType = sourcecode.c.h; path = SceneDelegate.h; sourceTree = "<group>"; };
		78DA874D2471B8EF005E5590 /* SceneDelegate.m */ = {isa = PBXFileReference; lastKnownFileType = sourcecode.c.objc; path = SceneDelegate.m; sourceTree = "<group>"; };
		78DA874F2471B8EF005E5590 /* MainViewController.h */ = {isa = PBXFileReference; lastKnownFileType = sourcecode.c.h; path = MainViewController.h; sourceTree = "<group>"; };
		78DA87502471B8EF005E5590 /* MainViewController.m */ = {isa = PBXFileReference; lastKnownFileType = sourcecode.c.objc; path = MainViewController.m; sourceTree = "<group>"; };
		78DA87532471B8EF005E5590 /* Base */ = {isa = PBXFileReference; lastKnownFileType = file.storyboard; name = Base; path = Base.lproj/Main.storyboard; sourceTree = "<group>"; };
		78DA87552471B8F1005E5590 /* Assets.xcassets */ = {isa = PBXFileReference; lastKnownFileType = folder.assetcatalog; path = Assets.xcassets; sourceTree = "<group>"; };
		78DA87582471B8F1005E5590 /* Base */ = {isa = PBXFileReference; lastKnownFileType = file.storyboard; name = Base; path = Base.lproj/LaunchScreen.storyboard; sourceTree = "<group>"; };
		78DA875A2471B8F1005E5590 /* Info.plist */ = {isa = PBXFileReference; lastKnownFileType = text.plist.xml; path = Info.plist; sourceTree = "<group>"; };
		78DA875B2471B8F1005E5590 /* main.m */ = {isa = PBXFileReference; lastKnownFileType = sourcecode.c.objc; path = main.m; sourceTree = "<group>"; };
		9700B83CE2981E116B713B0B /* libPods-FNST.a */ = {isa = PBXFileReference; explicitFileType = archive.ar; includeInIndex = 0; path = "libPods-FNST.a"; sourceTree = BUILT_PRODUCTS_DIR; };
		BB743A19AC10682C7DC41788 /* Pods-FNST.debug.xcconfig */ = {isa = PBXFileReference; includeInIndex = 1; lastKnownFileType = text.xcconfig; name = "Pods-FNST.debug.xcconfig"; path = "Target Support Files/Pods-FNST/Pods-FNST.debug.xcconfig"; sourceTree = "<group>"; };
		CF11C8633248A0D99FFFC5C3 /* Pods-FNST.release.xcconfig */ = {isa = PBXFileReference; includeInIndex = 1; lastKnownFileType = text.xcconfig; name = "Pods-FNST.release.xcconfig"; path = "Target Support Files/Pods-FNST/Pods-FNST.release.xcconfig"; sourceTree = "<group>"; };
/* End PBXFileReference section */

/* Begin PBXFrameworksBuildPhase section */
		78DA87432471B8EF005E5590 /* Frameworks */ = {
			isa = PBXFrameworksBuildPhase;
			buildActionMask = 2147483647;
			files = (
				2291B560B583E4E178EBA7A1 /* libPods-FNST.a in Frameworks */,
			);
			runOnlyForDeploymentPostprocessing = 0;
		};
/* End PBXFrameworksBuildPhase section */

/* Begin PBXGroup section */
		780445DF2471BF5C00DDB406 /* Extension */ = {
			isa = PBXGroup;
			children = (
				780445F32471D02800DDB406 /* NSString+Localized */,
				780445E02471BF6300DDB406 /* UIImage+OpenCV */,
			);
			path = Extension;
			sourceTree = "<group>";
		};
		780445E02471BF6300DDB406 /* UIImage+OpenCV */ = {
			isa = PBXGroup;
			children = (
				780445E12471BF8000DDB406 /* UIImage+OpenCV.h */,
				780445E22471BFA700DDB406 /* UIImage+OpenCV.mm */,
			);
			path = "UIImage+OpenCV";
			sourceTree = "<group>";
		};
		780445E42471C01200DDB406 /* Transfer */ = {
			isa = PBXGroup;
			children = (
				780445E52471C08000DDB406 /* Transfer.h */,
				780445E62471C08000DDB406 /* Transfer.mm */,
			);
			path = Transfer;
			sourceTree = "<group>";
		};
		780445E92471C18B00DDB406 /* Utils */ = {
			isa = PBXGroup;
			children = (
				780445EA2471C1A300DDB406 /* Messages.h */,
				780445ED2471C25B00DDB406 /* Constants.h */,
				780445EE2471C32800DDB406 /* Utils.h */,
			);
			path = Utils;
			sourceTree = "<group>";
		};
		780445EF2471C9F300DDB406 /* Process */ = {
			isa = PBXGroup;
			children = (
				780445F02471CA0F00DDB406 /* ImageProcessor.h */,
				780445F12471CA0F00DDB406 /* ImageProcessor.mm */,
			);
			path = Process;
			sourceTree = "<group>";
		};
		780445F32471D02800DDB406 /* NSString+Localized */ = {
			isa = PBXGroup;
			children = (
				780445F72471D07600DDB406 /* NSString+Localized.h */,
				780445F82471D07600DDB406 /* NSString+Localized.m */,
			);
			path = "NSString+Localized";
			sourceTree = "<group>";
		};
		780445FA2471D0D100DDB406 /* Font */ = {
			isa = PBXGroup;
			children = (
				780446022471D35300DDB406 /* MainFont.m */,
				780446042471D71300DDB406 /* MainFont.h */,
			);
			path = Font;
			sourceTree = "<group>";
		};
		7804460C2471DD5700DDB406 /* Example */ = {
			isa = PBXGroup;
			children = (
				7804460D2471DD6800DDB406 /* cv.png */,
			);
			path = Example;
			sourceTree = "<group>";
		};
		7856FC672471BAEB0016A29D /* AppDelegate */ = {
			isa = PBXGroup;
			children = (
				78DA87492471B8EF005E5590 /* AppDelegate.h */,
				78DA874A2471B8EF005E5590 /* AppDelegate.m */,
			);
			path = AppDelegate;
			sourceTree = "<group>";
		};
		7856FC682471BAF60016A29D /* SceneDelegate */ = {
			isa = PBXGroup;
			children = (
				78DA874C2471B8EF005E5590 /* SceneDelegate.h */,
				78DA874D2471B8EF005E5590 /* SceneDelegate.m */,
			);
			path = SceneDelegate;
			sourceTree = "<group>";
		};
		7856FC692471BB020016A29D /* Controller */ = {
			isa = PBXGroup;
			children = (
				78DA874F2471B8EF005E5590 /* MainViewController.h */,
				78DA87502471B8EF005E5590 /* MainViewController.m */,
			);
			path = Controller;
			sourceTree = "<group>";
		};
		7856FC6A2471BB0C0016A29D /* Storyboard */ = {
			isa = PBXGroup;
			children = (
				78DA87522471B8EF005E5590 /* Main.storyboard */,
				78DA87572471B8F1005E5590 /* LaunchScreen.storyboard */,
			);
			path = Storyboard;
			sourceTree = "<group>";
		};
		7856FC6B2471BB1A0016A29D /* SupportFiles */ = {
			isa = PBXGroup;
			children = (
				780446092471D96100DDB406 /* Localizable.strings */,
				78DA87552471B8F1005E5590 /* Assets.xcassets */,
				78DA875A2471B8F1005E5590 /* Info.plist */,
				78DA875B2471B8F1005E5590 /* main.m */,
			);
			name = SupportFiles;
			sourceTree = "<group>";
		};
		78DA873D2471B8EF005E5590 = {
			isa = PBXGroup;
			children = (
				78DA87482471B8EF005E5590 /* FNST */,
				78DA87472471B8EF005E5590 /* Products */,
				9F76CD13F3A3D0517DA68F67 /* Pods */,
				D7B9DCAAC8B832B8674C17A7 /* Frameworks */,
			);
			sourceTree = "<group>";
		};
		78DA87472471B8EF005E5590 /* Products */ = {
			isa = PBXGroup;
			children = (
				78DA87462471B8EF005E5590 /* FNST.app */,
			);
			name = Products;
			sourceTree = "<group>";
		};
		78DA87482471B8EF005E5590 /* FNST */ = {
			isa = PBXGroup;
			children = (
				7804460C2471DD5700DDB406 /* Example */,
				780445FA2471D0D100DDB406 /* Font */,
				780445E92471C18B00DDB406 /* Utils */,
				780445EF2471C9F300DDB406 /* Process */,
				780445E42471C01200DDB406 /* Transfer */,
				780445DF2471BF5C00DDB406 /* Extension */,
				7856FC6A2471BB0C0016A29D /* Storyboard */,
				7856FC692471BB020016A29D /* Controller */,
				7856FC682471BAF60016A29D /* SceneDelegate */,
				7856FC672471BAEB0016A29D /* AppDelegate */,
				7856FC6B2471BB1A0016A29D /* SupportFiles */,
			);
			path = FNST;
			sourceTree = "<group>";
		};
		9F76CD13F3A3D0517DA68F67 /* Pods */ = {
			isa = PBXGroup;
			children = (
				BB743A19AC10682C7DC41788 /* Pods-FNST.debug.xcconfig */,
				CF11C8633248A0D99FFFC5C3 /* Pods-FNST.release.xcconfig */,
			);
			path = Pods;
			sourceTree = "<group>";
		};
		D7B9DCAAC8B832B8674C17A7 /* Frameworks */ = {
			isa = PBXGroup;
			children = (
				9700B83CE2981E116B713B0B /* libPods-FNST.a */,
			);
			name = Frameworks;
			sourceTree = "<group>";
		};
/* End PBXGroup section */

/* Begin PBXNativeTarget section */
		78DA87452471B8EF005E5590 /* FNST */ = {
			isa = PBXNativeTarget;
			buildConfigurationList = 78DA875F2471B8F1005E5590 /* Build configuration list for PBXNativeTarget "FNST" */;
			buildPhases = (
				780446102471DEB700DDB406 /* Copy Model Files */,
				820AB855C843F50B0FDA5964 /* [CP] Check Pods Manifest.lock */,
				78DA87422471B8EF005E5590 /* Sources */,
				78DA87432471B8EF005E5590 /* Frameworks */,
				78DA87442471B8EF005E5590 /* Resources */,
			);
			buildRules = (
			);
			dependencies = (
			);
			name = FNST;
			productName = FNST;
			productReference = 78DA87462471B8EF005E5590 /* FNST.app */;
			productType = "com.apple.product-type.application";
		};
/* End PBXNativeTarget section */

/* Begin PBXProject section */
		78DA873E2471B8EF005E5590 /* Project object */ = {
			isa = PBXProject;
			attributes = {
				LastUpgradeCheck = 1120;
				ORGANIZATIONNAME = rusito.23;
				TargetAttributes = {
					78DA87452471B8EF005E5590 = {
						CreatedOnToolsVersion = 11.2.1;
						LastSwiftMigration = 1120;
					};
				};
			};
			buildConfigurationList = 78DA87412471B8EF005E5590 /* Build configuration list for PBXProject "FNST" */;
			compatibilityVersion = "Xcode 9.3";
			developmentRegion = en;
			hasScannedForEncodings = 0;
			knownRegions = (
				en,
				Base,
			);
			mainGroup = 78DA873D2471B8EF005E5590;
			productRefGroup = 78DA87472471B8EF005E5590 /* Products */;
			projectDirPath = "";
			projectRoot = "";
			targets = (
				78DA87452471B8EF005E5590 /* FNST */,
			);
		};
/* End PBXProject section */

/* Begin PBXResourcesBuildPhase section */
		78DA87442471B8EF005E5590 /* Resources */ = {
			isa = PBXResourcesBuildPhase;
			buildActionMask = 2147483647;
			files = (
				7804460E2471DD6800DDB406 /* cv.png in Resources */,
				78DA87592471B8F1005E5590 /* LaunchScreen.storyboard in Resources */,
				7804460B2471D96100DDB406 /* Localizable.strings in Resources */,
				78DA87562471B8F1005E5590 /* Assets.xcassets in Resources */,
				78DA87542471B8EF005E5590 /* Main.storyboard in Resources */,
			);
			runOnlyForDeploymentPostprocessing = 0;
		};
/* End PBXResourcesBuildPhase section */

/* Begin PBXShellScriptBuildPhase section */
		780446102471DEB700DDB406 /* Copy Model Files */ = {
			isa = PBXShellScriptBuildPhase;
			buildActionMask = 2147483647;
			files = (
			);
			inputFileListPaths = (
			);
			inputPaths = (
			);
			name = "Copy Model Files";
			outputFileListPaths = (
			);
			outputPaths = (
			);
			runOnlyForDeploymentPostprocessing = 0;
			shellPath = /bin/sh;
			shellScript = "rsync -av ${SRCROOT}/../models/tflite/* ${CONFIGURATION_BUILD_DIR}/${UNLOCALIZED_RESOURCES_FOLDER_PATH}\n";
		};
		820AB855C843F50B0FDA5964 /* [CP] Check Pods Manifest.lock */ = {
			isa = PBXShellScriptBuildPhase;
			buildActionMask = 2147483647;
			files = (
			);
			inputFileListPaths = (
			);
			inputPaths = (
				"${PODS_PODFILE_DIR_PATH}/Podfile.lock",
				"${PODS_ROOT}/Manifest.lock",
			);
			name = "[CP] Check Pods Manifest.lock";
			outputFileListPaths = (
			);
			outputPaths = (
				"$(DERIVED_FILE_DIR)/Pods-FNST-checkManifestLockResult.txt",
			);
			runOnlyForDeploymentPostprocessing = 0;
			shellPath = /bin/sh;
			shellScript = "diff \"${PODS_PODFILE_DIR_PATH}/Podfile.lock\" \"${PODS_ROOT}/Manifest.lock\" > /dev/null\nif [ $? != 0 ] ; then\n    # print error to STDERR\n    echo \"error: The sandbox is not in sync with the Podfile.lock. Run 'pod install' or update your CocoaPods installation.\" >&2\n    exit 1\nfi\n# This output is used by Xcode 'outputs' to avoid re-running this script phase.\necho \"SUCCESS\" > \"${SCRIPT_OUTPUT_FILE_0}\"\n";
			showEnvVarsInLog = 0;
		};
/* End PBXShellScriptBuildPhase section */

/* Begin PBXSourcesBuildPhase section */
		78DA87422471B8EF005E5590 /* Sources */ = {
			isa = PBXSourcesBuildPhase;
			buildActionMask = 2147483647;
			files = (
				780445F22471CA0F00DDB406 /* ImageProcessor.mm in Sources */,
				780445F92471D07600DDB406 /* NSString+Localized.m in Sources */,
				780445E72471C08000DDB406 /* Transfer.mm in Sources */,
				78DA87512471B8EF005E5590 /* MainViewController.m in Sources */,
				780445E32471BFA700DDB406 /* UIImage+OpenCV.mm in Sources */,
				780446032471D35300DDB406 /* MainFont.m in Sources */,
				78DA874B2471B8EF005E5590 /* AppDelegate.m in Sources */,
				78DA875C2471B8F1005E5590 /* main.m in Sources */,
				78DA874E2471B8EF005E5590 /* SceneDelegate.m in Sources */,
			);
			runOnlyForDeploymentPostprocessing = 0;
		};
/* End PBXSourcesBuildPhase section */

/* Begin PBXVariantGroup section */
		780446092471D96100DDB406 /* Localizable.strings */ = {
			isa = PBXVariantGroup;
			children = (
				7804460A2471D96100DDB406 /* Base */,
			);
			name = Localizable.strings;
			sourceTree = "<group>";
		};
		78DA87522471B8EF005E5590 /* Main.storyboard */ = {
			isa = PBXVariantGroup;
			children = (
				78DA87532471B8EF005E5590 /* Base */,
			);
			name = Main.storyboard;
			sourceTree = "<group>";
		};
		78DA87572471B8F1005E5590 /* LaunchScreen.storyboard */ = {
			isa = PBXVariantGroup;
			children = (
				78DA87582471B8F1005E5590 /* Base */,
			);
			name = LaunchScreen.storyboard;
			sourceTree = "<group>";
		};
/* End PBXVariantGroup section */

/* Begin XCBuildConfiguration section */
		78DA875D2471B8F1005E5590 /* Debug */ = {
			isa = XCBuildConfiguration;
			buildSettings = {
				ALWAYS_SEARCH_USER_PATHS = NO;
				CLANG_ANALYZER_NONNULL = YES;
				CLANG_ANALYZER_NUMBER_OBJECT_CONVERSION = YES_AGGRESSIVE;
				CLANG_CXX_LANGUAGE_STANDARD = "gnu++14";
				CLANG_CXX_LIBRARY = "libc++";
				CLANG_ENABLE_MODULES = YES;
				CLANG_ENABLE_OBJC_ARC = YES;
				CLANG_ENABLE_OBJC_WEAK = YES;
				CLANG_WARN_BLOCK_CAPTURE_AUTORELEASING = YES;
				CLANG_WARN_BOOL_CONVERSION = YES;
				CLANG_WARN_COMMA = YES;
				CLANG_WARN_CONSTANT_CONVERSION = YES;
				CLANG_WARN_DEPRECATED_OBJC_IMPLEMENTATIONS = YES;
				CLANG_WARN_DIRECT_OBJC_ISA_USAGE = YES_ERROR;
				CLANG_WARN_DOCUMENTATION_COMMENTS = YES;
				CLANG_WARN_EMPTY_BODY = YES;
				CLANG_WARN_ENUM_CONVERSION = YES;
				CLANG_WARN_INFINITE_RECURSION = YES;
				CLANG_WARN_INT_CONVERSION = YES;
				CLANG_WARN_NON_LITERAL_NULL_CONVERSION = YES;
				CLANG_WARN_OBJC_IMPLICIT_RETAIN_SELF = YES;
				CLANG_WARN_OBJC_LITERAL_CONVERSION = YES;
				CLANG_WARN_OBJC_ROOT_CLASS = YES_ERROR;
				CLANG_WARN_RANGE_LOOP_ANALYSIS = YES;
				CLANG_WARN_STRICT_PROTOTYPES = YES;
				CLANG_WARN_SUSPICIOUS_MOVE = YES;
				CLANG_WARN_UNGUARDED_AVAILABILITY = YES_AGGRESSIVE;
				CLANG_WARN_UNREACHABLE_CODE = YES;
				CLANG_WARN__DUPLICATE_METHOD_MATCH = YES;
				COPY_PHASE_STRIP = NO;
				DEBUG_INFORMATION_FORMAT = dwarf;
				ENABLE_STRICT_OBJC_MSGSEND = YES;
				ENABLE_TESTABILITY = YES;
				GCC_C_LANGUAGE_STANDARD = gnu11;
				GCC_DYNAMIC_NO_PIC = NO;
				GCC_NO_COMMON_BLOCKS = YES;
				GCC_OPTIMIZATION_LEVEL = 0;
				GCC_PREPROCESSOR_DEFINITIONS = (
					"DEBUG=1",
					"$(inherited)",
				);
				GCC_WARN_64_TO_32_BIT_CONVERSION = YES;
				GCC_WARN_ABOUT_RETURN_TYPE = YES_ERROR;
				GCC_WARN_UNDECLARED_SELECTOR = YES;
				GCC_WARN_UNINITIALIZED_AUTOS = YES_AGGRESSIVE;
				GCC_WARN_UNUSED_FUNCTION = YES;
				GCC_WARN_UNUSED_VARIABLE = YES;
				IPHONEOS_DEPLOYMENT_TARGET = 13.2;
				MTL_ENABLE_DEBUG_INFO = INCLUDE_SOURCE;
				MTL_FAST_MATH = YES;
				ONLY_ACTIVE_ARCH = YES;
				SDKROOT = iphoneos;
			};
			name = Debug;
		};
		78DA875E2471B8F1005E5590 /* Release */ = {
			isa = XCBuildConfiguration;
			buildSettings = {
				ALWAYS_SEARCH_USER_PATHS = NO;
				CLANG_ANALYZER_NONNULL = YES;
				CLANG_ANALYZER_NUMBER_OBJECT_CONVERSION = YES_AGGRESSIVE;
				CLANG_CXX_LANGUAGE_STANDARD = "gnu++14";
				CLANG_CXX_LIBRARY = "libc++";
				CLANG_ENABLE_MODULES = YES;
				CLANG_ENABLE_OBJC_ARC = YES;
				CLANG_ENABLE_OBJC_WEAK = YES;
				CLANG_WARN_BLOCK_CAPTURE_AUTORELEASING = YES;
				CLANG_WARN_BOOL_CONVERSION = YES;
				CLANG_WARN_COMMA = YES;
				CLANG_WARN_CONSTANT_CONVERSION = YES;
				CLANG_WARN_DEPRECATED_OBJC_IMPLEMENTATIONS = YES;
				CLANG_WARN_DIRECT_OBJC_ISA_USAGE = YES_ERROR;
				CLANG_WARN_DOCUMENTATION_COMMENTS = YES;
				CLANG_WARN_EMPTY_BODY = YES;
				CLANG_WARN_ENUM_CONVERSION = YES;
				CLANG_WARN_INFINITE_RECURSION = YES;
				CLANG_WARN_INT_CONVERSION = YES;
				CLANG_WARN_NON_LITERAL_NULL_CONVERSION = YES;
				CLANG_WARN_OBJC_IMPLICIT_RETAIN_SELF = YES;
				CLANG_WARN_OBJC_LITERAL_CONVERSION = YES;
				CLANG_WARN_OBJC_ROOT_CLASS = YES_ERROR;
				CLANG_WARN_RANGE_LOOP_ANALYSIS = YES;
				CLANG_WARN_STRICT_PROTOTYPES = YES;
				CLANG_WARN_SUSPICIOUS_MOVE = YES;
				CLANG_WARN_UNGUARDED_AVAILABILITY = YES_AGGRESSIVE;
				CLANG_WARN_UNREACHABLE_CODE = YES;
				CLANG_WARN__DUPLICATE_METHOD_MATCH = YES;
				COPY_PHASE_STRIP = NO;
				DEBUG_INFORMATION_FORMAT = "dwarf-with-dsym";
				ENABLE_NS_ASSERTIONS = NO;
				ENABLE_STRICT_OBJC_MSGSEND = YES;
				GCC_C_LANGUAGE_STANDARD = gnu11;
				GCC_NO_COMMON_BLOCKS = YES;
				GCC_WARN_64_TO_32_BIT_CONVERSION = YES;
				GCC_WARN_ABOUT_RETURN_TYPE = YES_ERROR;
				GCC_WARN_UNDECLARED_SELECTOR = YES;
				GCC_WARN_UNINITIALIZED_AUTOS = YES_AGGRESSIVE;
				GCC_WARN_UNUSED_FUNCTION = YES;
				GCC_WARN_UNUSED_VARIABLE = YES;
				IPHONEOS_DEPLOYMENT_TARGET = 13.2;
				MTL_ENABLE_DEBUG_INFO = NO;
				MTL_FAST_MATH = YES;
				SDKROOT = iphoneos;
				VALIDATE_PRODUCT = YES;
			};
			name = Release;
		};
		78DA87602471B8F1005E5590 /* Debug */ = {
			isa = XCBuildConfiguration;
			baseConfigurationReference = BB743A19AC10682C7DC41788 /* Pods-FNST.debug.xcconfig */;
			buildSettings = {
				ASSETCATALOG_COMPILER_APPICON_NAME = AppIcon;
				CLANG_ENABLE_MODULES = YES;
				CODE_SIGN_STYLE = Automatic;
				DEVELOPMENT_TEAM = V67S6WRV9Z;
				INFOPLIST_FILE = FNST/Info.plist;
				LD_RUNPATH_SEARCH_PATHS = (
					"$(inherited)",
					"@executable_path/Frameworks",
				);
				PRODUCT_BUNDLE_IDENTIFIER = com.rusito.23.FNST;
				PRODUCT_NAME = "$(TARGET_NAME)";
				SWIFT_OPTIMIZATION_LEVEL = "-Onone";
				SWIFT_VERSION = 5.0;
				TARGETED_DEVICE_FAMILY = "1,2";
			};
			name = Debug;
		};
		78DA87612471B8F1005E5590 /* Release */ = {
			isa = XCBuildConfiguration;
			baseConfigurationReference = CF11C8633248A0D99FFFC5C3 /* Pods-FNST.release.xcconfig */;
			buildSettings = {
				ASSETCATALOG_COMPILER_APPICON_NAME = AppIcon;
				CLANG_ENABLE_MODULES = YES;
				CODE_SIGN_STYLE = Automatic;
				DEVELOPMENT_TEAM = V67S6WRV9Z;
				INFOPLIST_FILE = FNST/Info.plist;
				LD_RUNPATH_SEARCH_PATHS = (
					"$(inherited)",
					"@executable_path/Frameworks",
				);
				PRODUCT_BUNDLE_IDENTIFIER = com.rusito.23.FNST;
				PRODUCT_NAME = "$(TARGET_NAME)";
				SWIFT_VERSION = 5.0;
				TARGETED_DEVICE_FAMILY = "1,2";
			};
			name = Release;
		};
/* End XCBuildConfiguration section */

/* Begin XCConfigurationList section */
		78DA87412471B8EF005E5590 /* Build configuration list for PBXProject "FNST" */ = {
			isa = XCConfigurationList;
			buildConfigurations = (
				78DA875D2471B8F1005E5590 /* Debug */,
				78DA875E2471B8F1005E5590 /* Release */,
			);
			defaultConfigurationIsVisible = 0;
			defaultConfigurationName = Release;
		};
		78DA875F2471B8F1005E5590 /* Build configuration list for PBXNativeTarget "FNST" */ = {
			isa = XCConfigurationList;
			buildConfigurations = (
				78DA87602471B8F1005E5590 /* Debug */,
				78DA87612471B8F1005E5590 /* Release */,
			);
			defaultConfigurationIsVisible = 0;
			defaultConfigurationName = Release;
		};
/* End XCConfigurationList section */
	};
	rootObject = 78DA873E2471B8EF005E5590 /* Project object */;
}
